
Microsoft Visual Studio Solution File, Format Version 12.00
# Visual Studio Version 17
VisualStudioVersion = 17.3.32922.545
MinimumVisualStudioVersion = 10.0.40219.1
Project("{9A19103F-16F7-4668-BE54-9A1E7A4F7556}") = "ST10084788_PROG7311_POE", "ST10084788_PROG7311_POE.csproj", "{129F9651-7D2C-4CB1-A354-D93DD41CE38A}"
EndProject
Global
	GlobalSection(SolutionConfigurationPlatforms) = preSolution
		Debug|Any CPU = Debug|Any CPU
		Release|Any CPU = Release|Any CPU
	EndGlobalSection
	GlobalSection(ProjectConfigurationPlatforms) = postSolution
		{129F9651-7D2C-4CB1-A354-D93DD41CE38A}.Debug|Any CPU.ActiveCfg = Debug|Any CPU
		{129F9651-7D2C-4CB1-A354-D93DD41CE38A}.Debug|Any CPU.Build.0 = Debug|Any CPU
		{129F9651-7D2C-4CB1-A354-D93DD41CE38A}.Release|Any CPU.ActiveCfg = Release|Any CPU
		{129F9651-7D2C-4CB1-A354-D93DD41CE38A}.Release|Any CPU.Build.0 = Release|Any CPU
	EndGlobalSection
	GlobalSection(SolutionProperties) = preSolution
		HideSolutionNode = FALSE
	EndGlobalSection
	GlobalSection(ExtensibilityGlobals) = postSolution
		SolutionGuid = {743D61F4-512A-4ED7-B9B5-9E502BD3BFE2}
	EndGlobalSection
EndGlobal
